
Microsoft Visual Studio Solution File, Format Version 12.00
# Visual Studio Version 16
VisualStudioVersion = 25.0.1705.6
MinimumVisualStudioVersion = 10.0.40219.1
Project("{FAE04EC0-301F-11D3-BF4B-00C04F79EFBC}") = "BudgetTracker", "BudgetTracker\BudgetTracker.csproj", "{5115FC21-9B38-42B7-AA3C-D492F3AD86DE}"
EndProject
Global
	GlobalSection(SolutionConfigurationPlatforms) = preSolution
		Debug|Any CPU = Debug|Any CPU
		Release|Any CPU = Release|Any CPU
	EndGlobalSection
	GlobalSection(ProjectConfigurationPlatforms) = postSolution
		{5115FC21-9B38-42B7-AA3C-D492F3AD86DE}.Debug|Any CPU.ActiveCfg = Debug|Any CPU
		{5115FC21-9B38-42B7-AA3C-D492F3AD86DE}.Debug|Any CPU.Build.0 = Debug|Any CPU
		{5115FC21-9B38-42B7-AA3C-D492F3AD86DE}.Release|Any CPU.ActiveCfg = Release|Any CPU
		{5115FC21-9B38-42B7-AA3C-D492F3AD86DE}.Release|Any CPU.Build.0 = Release|Any CPU
	EndGlobalSection
	GlobalSection(SolutionProperties) = preSolution
		HideSolutionNode = FALSE
	EndGlobalSection
	GlobalSection(ExtensibilityGlobals) = postSolution
		SolutionGuid = {B6E74BCB-6489-4875-9C86-31179FD0FDE4}
	EndGlobalSection
EndGlobal
